
Microsoft Visual Studio Solution File, Format Version 12.00
# Visual Studio Version 17
VisualStudioVersion = 17.5.002.0
MinimumVisualStudioVersion = 10.0.40219.1
Project("{2150E333-8FDC-42A3-9474-1A3956D46DE8}") = "src", "src", "{D9BF9440-AC46-4062-9BEB-B4D7EE91DB41}"
EndProject
Project("{9A19103F-16F7-4668-BE54-9A1E7A4F7556}") = "Play.Inventory.Service", "src\Play.Inventory.Service\Play.Inventory.Service.csproj", "{5D6E3A0F-1DE5-4970-B0F7-75177D6E1CCC}"
EndProject
Global
	GlobalSection(SolutionConfigurationPlatforms) = preSolution
		Debug|Any CPU = Debug|Any CPU
		Release|Any CPU = Release|Any CPU
	EndGlobalSection
	GlobalSection(ProjectConfigurationPlatforms) = postSolution
		{5D6E3A0F-1DE5-4970-B0F7-75177D6E1CCC}.Debug|Any CPU.ActiveCfg = Debug|Any CPU
		{5D6E3A0F-1DE5-4970-B0F7-75177D6E1CCC}.Debug|Any CPU.Build.0 = Debug|Any CPU
		{5D6E3A0F-1DE5-4970-B0F7-75177D6E1CCC}.Release|Any CPU.ActiveCfg = Release|Any CPU
		{5D6E3A0F-1DE5-4970-B0F7-75177D6E1CCC}.Release|Any CPU.Build.0 = Release|Any CPU
	EndGlobalSection
	GlobalSection(SolutionProperties) = preSolution
		HideSolutionNode = FALSE
	EndGlobalSection
	GlobalSection(NestedProjects) = preSolution
		{5D6E3A0F-1DE5-4970-B0F7-75177D6E1CCC} = {D9BF9440-AC46-4062-9BEB-B4D7EE91DB41}
	EndGlobalSection
	GlobalSection(ExtensibilityGlobals) = postSolution
		SolutionGuid = {6E79FD1F-BA11-45EB-A050-2A00C371BCE3}
	EndGlobalSection
EndGlobal
